
Microsoft Visual Studio Solution File, Format Version 12.00
# Visual Studio Version 17
VisualStudioVersion = 17.11.35431.28
MinimumVisualStudioVersion = 10.0.40219.1
Project("{FAE04EC0-301F-11D3-BF4B-00C04F79EFBC}") = "HotelBookingAPI", "HotelBookingAPI.csproj", "{29E47516-A25A-4F06-8488-599E10AD34CF}"
EndProject
Global
	GlobalSection(SolutionConfigurationPlatforms) = preSolution
		Debug|Any CPU = Debug|Any CPU
		Release|Any CPU = Release|Any CPU
	EndGlobalSection
	GlobalSection(ProjectConfigurationPlatforms) = postSolution
		{29E47516-A25A-4F06-8488-599E10AD34CF}.Debug|Any CPU.ActiveCfg = Debug|Any CPU
		{29E47516-A25A-4F06-8488-599E10AD34CF}.Debug|Any CPU.Build.0 = Debug|Any CPU
		{29E47516-A25A-4F06-8488-599E10AD34CF}.Release|Any CPU.ActiveCfg = Release|Any CPU
		{29E47516-A25A-4F06-8488-599E10AD34CF}.Release|Any CPU.Build.0 = Release|Any CPU
	EndGlobalSection
	GlobalSection(SolutionProperties) = preSolution
		HideSolutionNode = FALSE
	EndGlobalSection
	GlobalSection(ExtensibilityGlobals) = postSolution
		SolutionGuid = {AA1290CC-401D-4A6E-BBF3-0C99D9AA1D01}
	EndGlobalSection
EndGlobal
